
Microsoft Visual Studio Solution File, Format Version 12.00
# Visual Studio Version 16
VisualStudioVersion = 16.0.30413.136
MinimumVisualStudioVersion = 10.0.40219.1
Project("{FAE04EC0-301F-11D3-BF4B-00C04F79EFBC}") = "Project1(Beginners)", "Project1(Beginners).csproj", "{187C228E-ACE6-4E91-B40C-4658D3A15BBB}"
EndProject
Global
	GlobalSection(SolutionConfigurationPlatforms) = preSolution
		Debug|Any CPU = Debug|Any CPU
		Release|Any CPU = Release|Any CPU
	EndGlobalSection
	GlobalSection(ProjectConfigurationPlatforms) = postSolution
		{187C228E-ACE6-4E91-B40C-4658D3A15BBB}.Debug|Any CPU.ActiveCfg = Debug|Any CPU
		{187C228E-ACE6-4E91-B40C-4658D3A15BBB}.Debug|Any CPU.Build.0 = Debug|Any CPU
		{187C228E-ACE6-4E91-B40C-4658D3A15BBB}.Release|Any CPU.ActiveCfg = Release|Any CPU
		{187C228E-ACE6-4E91-B40C-4658D3A15BBB}.Release|Any CPU.Build.0 = Release|Any CPU
	EndGlobalSection
	GlobalSection(SolutionProperties) = preSolution
		HideSolutionNode = FALSE
	EndGlobalSection
	GlobalSection(ExtensibilityGlobals) = postSolution
		SolutionGuid = {D118D3DA-E6FA-4960-BBE3-763E94CF404A}
	EndGlobalSection
EndGlobal
